// !$*UTF8*$!
{
	archiveVersion = 1;
	classes = {
	};
	objectVersion = 48;
	objects = {

/* Begin PBXBuildFile section */
		E2DEE33121022406005725C9 /* AppDelegate.swift in Sources */ = {isa = PBXBuildFile; fileRef = E2DEE33021022406005725C9 /* AppDelegate.swift */; };
		E2DEE33821022406005725C9 /* Assets.xcassets in Resources */ = {isa = PBXBuildFile; fileRef = E2DEE33721022406005725C9 /* Assets.xcassets */; };
		E2DEE33B21022406005725C9 /* LaunchScreen.storyboard in Resources */ = {isa = PBXBuildFile; fileRef = E2DEE33921022406005725C9 /* LaunchScreen.storyboard */; };
		E2DEE34621022406005725C9 /* TicTacToeTests.swift in Sources */ = {isa = PBXBuildFile; fileRef = E2DEE34521022406005725C9 /* TicTacToeTests.swift */; };
		E2DEE35121022406005725C9 /* TicTacToeUITests.swift in Sources */ = {isa = PBXBuildFile; fileRef = E2DEE35021022406005725C9 /* TicTacToeUITests.swift */; };
		E2DEE371210224EB005725C9 /* SelectionDefaultPresenter.swift in Sources */ = {isa = PBXBuildFile; fileRef = E2DEE365210224EB005725C9 /* SelectionDefaultPresenter.swift */; };
		E2DEE372210224EB005725C9 /* SelectionDefaultRouter.swift in Sources */ = {isa = PBXBuildFile; fileRef = E2DEE366210224EB005725C9 /* SelectionDefaultRouter.swift */; };
		E2DEE373210224EB005725C9 /* SelectionDefaultBuilder.swift in Sources */ = {isa = PBXBuildFile; fileRef = E2DEE367210224EB005725C9 /* SelectionDefaultBuilder.swift */; };
		E2DEE374210224EB005725C9 /* SelectionDefaultViewController.swift in Sources */ = {isa = PBXBuildFile; fileRef = E2DEE368210224EB005725C9 /* SelectionDefaultViewController.swift */; };
		E2DEE375210224EB005725C9 /* SelectionDefaultInteractor.swift in Sources */ = {isa = PBXBuildFile; fileRef = E2DEE369210224EB005725C9 /* SelectionDefaultInteractor.swift */; };
		E2DEE376210224EB005725C9 /* SelectionInteractor.swift in Sources */ = {isa = PBXBuildFile; fileRef = E2DEE36B210224EB005725C9 /* SelectionInteractor.swift */; };
		E2DEE377210224EB005725C9 /* SelectionViewController.swift in Sources */ = {isa = PBXBuildFile; fileRef = E2DEE36C210224EB005725C9 /* SelectionViewController.swift */; };
		E2DEE378210224EB005725C9 /* SelectionRouter.swift in Sources */ = {isa = PBXBuildFile; fileRef = E2DEE36D210224EB005725C9 /* SelectionRouter.swift */; };
		E2DEE379210224EB005725C9 /* SelectionPresenter.swift in Sources */ = {isa = PBXBuildFile; fileRef = E2DEE36E210224EB005725C9 /* SelectionPresenter.swift */; };
		E2DEE3842102281F005725C9 /* Board.swift in Sources */ = {isa = PBXBuildFile; fileRef = E2DEE3812102281F005725C9 /* Board.swift */; };
		E2DEE3852102281F005725C9 /* Game.swift in Sources */ = {isa = PBXBuildFile; fileRef = E2DEE3822102281F005725C9 /* Game.swift */; };
		E2DEE3862102281F005725C9 /* Player.swift in Sources */ = {isa = PBXBuildFile; fileRef = E2DEE3832102281F005725C9 /* Player.swift */; };
		E2DEE38821022856005725C9 /* BaseViewController.swift in Sources */ = {isa = PBXBuildFile; fileRef = E2DEE38721022856005725C9 /* BaseViewController.swift */; };
		E2DEE38B21022F9C005725C9 /* CoordinationNavigationViewController.swift in Sources */ = {isa = PBXBuildFile; fileRef = E2DEE38A21022F9C005725C9 /* CoordinationNavigationViewController.swift */; };
		E2DEE38D21022FBE005725C9 /* BaseNavigationController.swift in Sources */ = {isa = PBXBuildFile; fileRef = E2DEE38C21022FBE005725C9 /* BaseNavigationController.swift */; };
		E2DEE38F21023037005725C9 /* ViewControllerFactory.swift in Sources */ = {isa = PBXBuildFile; fileRef = E2DEE38E21023037005725C9 /* ViewControllerFactory.swift */; };
		E2DEE391210230A9005725C9 /* Selection.storyboard in Resources */ = {isa = PBXBuildFile; fileRef = E2DEE390210230A9005725C9 /* Selection.storyboard */; };
		E2DEE393210230BD005725C9 /* Coordination.storyboard in Resources */ = {isa = PBXBuildFile; fileRef = E2DEE392210230BD005725C9 /* Coordination.storyboard */; };
		E2DEE3B921023198005725C9 /* Game.storyboard in Resources */ = {isa = PBXBuildFile; fileRef = E2DEE3AC21023198005725C9 /* Game.storyboard */; };
		E2DEE3BA21023198005725C9 /* GameDefaultViewController.swift in Sources */ = {isa = PBXBuildFile; fileRef = E2DEE3AF21023198005725C9 /* GameDefaultViewController.swift */; };
		E2DEE3BB21023198005725C9 /* GameDefaultInteractor.swift in Sources */ = {isa = PBXBuildFile; fileRef = E2DEE3B021023198005725C9 /* GameDefaultInteractor.swift */; };
		E2DEE3BC21023198005725C9 /* GameDefaultRouter.swift in Sources */ = {isa = PBXBuildFile; fileRef = E2DEE3B121023198005725C9 /* GameDefaultRouter.swift */; };
		E2DEE3BD21023198005725C9 /* GameDefaultPresenter.swift in Sources */ = {isa = PBXBuildFile; fileRef = E2DEE3B221023198005725C9 /* GameDefaultPresenter.swift */; };
		E2DEE3BE21023198005725C9 /* GameDefaultBuilder.swift in Sources */ = {isa = PBXBuildFile; fileRef = E2DEE3B321023198005725C9 /* GameDefaultBuilder.swift */; };
		E2DEE3BF21023198005725C9 /* GamePresenter.swift in Sources */ = {isa = PBXBuildFile; fileRef = E2DEE3B521023198005725C9 /* GamePresenter.swift */; };
		E2DEE3C021023198005725C9 /* GameViewController.swift in Sources */ = {isa = PBXBuildFile; fileRef = E2DEE3B621023198005725C9 /* GameViewController.swift */; };
		E2DEE3C121023198005725C9 /* GameInteractor.swift in Sources */ = {isa = PBXBuildFile; fileRef = E2DEE3B721023198005725C9 /* GameInteractor.swift */; };
		E2DEE3C221023198005725C9 /* GameRouter.swift in Sources */ = {isa = PBXBuildFile; fileRef = E2DEE3B821023198005725C9 /* GameRouter.swift */; };
		E2DEE3C521026913005725C9 /* UICollectionViewCell+ReuseIdentifier.swift in Sources */ = {isa = PBXBuildFile; fileRef = E2DEE3C421026913005725C9 /* UICollectionViewCell+ReuseIdentifier.swift */; };
		E2DEE3C7210269A0005725C9 /* GameCollectionViewCell.swift in Sources */ = {isa = PBXBuildFile; fileRef = E2DEE3C6210269A0005725C9 /* GameCollectionViewCell.swift */; };
/* End PBXBuildFile section */

/* Begin PBXContainerItemProxy section */
		E2DEE34221022406005725C9 /* PBXContainerItemProxy */ = {
			isa = PBXContainerItemProxy;
			containerPortal = E2DEE32521022406005725C9 /* Project object */;
			proxyType = 1;
			remoteGlobalIDString = E2DEE32C21022406005725C9;
			remoteInfo = TicTacToe;
		};
		E2DEE34D21022406005725C9 /* PBXContainerItemProxy */ = {
			isa = PBXContainerItemProxy;
			containerPortal = E2DEE32521022406005725C9 /* Project object */;
			proxyType = 1;
			remoteGlobalIDString = E2DEE32C21022406005725C9;
			remoteInfo = TicTacToe;
		};
/* End PBXContainerItemProxy section */

/* Begin PBXFileReference section */
		E2DEE32D21022406005725C9 /* TicTacToe.app */ = {isa = PBXFileReference; explicitFileType = wrapper.application; includeInIndex = 0; path = TicTacToe.app; sourceTree = BUILT_PRODUCTS_DIR; };
		E2DEE33021022406005725C9 /* AppDelegate.swift */ = {isa = PBXFileReference; lastKnownFileType = sourcecode.swift; path = AppDelegate.swift; sourceTree = "<group>"; };
		E2DEE33721022406005725C9 /* Assets.xcassets */ = {isa = PBXFileReference; lastKnownFileType = folder.assetcatalog; path = Assets.xcassets; sourceTree = "<group>"; };
		E2DEE33A21022406005725C9 /* Base */ = {isa = PBXFileReference; lastKnownFileType = file.storyboard; name = Base; path = Base.lproj/LaunchScreen.storyboard; sourceTree = "<group>"; };
		E2DEE33C21022406005725C9 /* Info.plist */ = {isa = PBXFileReference; lastKnownFileType = text.plist.xml; path = Info.plist; sourceTree = "<group>"; };
		E2DEE34121022406005725C9 /* TicTacToeTests.xctest */ = {isa = PBXFileReference; explicitFileType = wrapper.cfbundle; includeInIndex = 0; path = TicTacToeTests.xctest; sourceTree = BUILT_PRODUCTS_DIR; };
		E2DEE34521022406005725C9 /* TicTacToeTests.swift */ = {isa = PBXFileReference; lastKnownFileType = sourcecode.swift; path = TicTacToeTests.swift; sourceTree = "<group>"; };
		E2DEE34721022406005725C9 /* Info.plist */ = {isa = PBXFileReference; lastKnownFileType = text.plist.xml; path = Info.plist; sourceTree = "<group>"; };
		E2DEE34C21022406005725C9 /* TicTacToeUITests.xctest */ = {isa = PBXFileReference; explicitFileType = wrapper.cfbundle; includeInIndex = 0; path = TicTacToeUITests.xctest; sourceTree = BUILT_PRODUCTS_DIR; };
		E2DEE35021022406005725C9 /* TicTacToeUITests.swift */ = {isa = PBXFileReference; lastKnownFileType = sourcecode.swift; path = TicTacToeUITests.swift; sourceTree = "<group>"; };
		E2DEE35221022406005725C9 /* Info.plist */ = {isa = PBXFileReference; lastKnownFileType = text.plist.xml; path = Info.plist; sourceTree = "<group>"; };
		E2DEE365210224EB005725C9 /* SelectionDefaultPresenter.swift */ = {isa = PBXFileReference; fileEncoding = 4; lastKnownFileType = sourcecode.swift; path = SelectionDefaultPresenter.swift; sourceTree = "<group>"; };
		E2DEE366210224EB005725C9 /* SelectionDefaultRouter.swift */ = {isa = PBXFileReference; fileEncoding = 4; lastKnownFileType = sourcecode.swift; path = SelectionDefaultRouter.swift; sourceTree = "<group>"; };
		E2DEE367210224EB005725C9 /* SelectionDefaultBuilder.swift */ = {isa = PBXFileReference; fileEncoding = 4; lastKnownFileType = sourcecode.swift; path = SelectionDefaultBuilder.swift; sourceTree = "<group>"; };
		E2DEE368210224EB005725C9 /* SelectionDefaultViewController.swift */ = {isa = PBXFileReference; fileEncoding = 4; lastKnownFileType = sourcecode.swift; path = SelectionDefaultViewController.swift; sourceTree = "<group>"; };
		E2DEE369210224EB005725C9 /* SelectionDefaultInteractor.swift */ = {isa = PBXFileReference; fileEncoding = 4; lastKnownFileType = sourcecode.swift; path = SelectionDefaultInteractor.swift; sourceTree = "<group>"; };
		E2DEE36B210224EB005725C9 /* SelectionInteractor.swift */ = {isa = PBXFileReference; fileEncoding = 4; lastKnownFileType = sourcecode.swift; path = SelectionInteractor.swift; sourceTree = "<group>"; };
		E2DEE36C210224EB005725C9 /* SelectionViewController.swift */ = {isa = PBXFileReference; fileEncoding = 4; lastKnownFileType = sourcecode.swift; path = SelectionViewController.swift; sourceTree = "<group>"; };
		E2DEE36D210224EB005725C9 /* SelectionRouter.swift */ = {isa = PBXFileReference; fileEncoding = 4; lastKnownFileType = sourcecode.swift; path = SelectionRouter.swift; sourceTree = "<group>"; };
		E2DEE36E210224EB005725C9 /* SelectionPresenter.swift */ = {isa = PBXFileReference; fileEncoding = 4; lastKnownFileType = sourcecode.swift; path = SelectionPresenter.swift; sourceTree = "<group>"; };
		E2DEE3812102281F005725C9 /* Board.swift */ = {isa = PBXFileReference; fileEncoding = 4; lastKnownFileType = sourcecode.swift; path = Board.swift; sourceTree = "<group>"; };
		E2DEE3822102281F005725C9 /* Game.swift */ = {isa = PBXFileReference; fileEncoding = 4; lastKnownFileType = sourcecode.swift; path = Game.swift; sourceTree = "<group>"; };
		E2DEE3832102281F005725C9 /* Player.swift */ = {isa = PBXFileReference; fileEncoding = 4; lastKnownFileType = sourcecode.swift; path = Player.swift; sourceTree = "<group>"; };
		E2DEE38721022856005725C9 /* BaseViewController.swift */ = {isa = PBXFileReference; lastKnownFileType = sourcecode.swift; path = BaseViewController.swift; sourceTree = "<group>"; };
		E2DEE38A21022F9C005725C9 /* CoordinationNavigationViewController.swift */ = {isa = PBXFileReference; lastKnownFileType = sourcecode.swift; path = CoordinationNavigationViewController.swift; sourceTree = "<group>"; };
		E2DEE38C21022FBE005725C9 /* BaseNavigationController.swift */ = {isa = PBXFileReference; lastKnownFileType = sourcecode.swift; path = BaseNavigationController.swift; sourceTree = "<group>"; };
		E2DEE38E21023037005725C9 /* ViewControllerFactory.swift */ = {isa = PBXFileReference; fileEncoding = 4; lastKnownFileType = sourcecode.swift; path = ViewControllerFactory.swift; sourceTree = "<group>"; };
		E2DEE390210230A9005725C9 /* Selection.storyboard */ = {isa = PBXFileReference; fileEncoding = 4; lastKnownFileType = file.storyboard; path = Selection.storyboard; sourceTree = "<group>"; };
		E2DEE392210230BD005725C9 /* Coordination.storyboard */ = {isa = PBXFileReference; fileEncoding = 4; lastKnownFileType = file.storyboard; path = Coordination.storyboard; sourceTree = "<group>"; };
		E2DEE3AC21023198005725C9 /* Game.storyboard */ = {isa = PBXFileReference; fileEncoding = 4; lastKnownFileType = file.storyboard; path = Game.storyboard; sourceTree = "<group>"; };
		E2DEE3AF21023198005725C9 /* GameDefaultViewController.swift */ = {isa = PBXFileReference; fileEncoding = 4; lastKnownFileType = sourcecode.swift; path = GameDefaultViewController.swift; sourceTree = "<group>"; };
		E2DEE3B021023198005725C9 /* GameDefaultInteractor.swift */ = {isa = PBXFileReference; fileEncoding = 4; lastKnownFileType = sourcecode.swift; path = GameDefaultInteractor.swift; sourceTree = "<group>"; };
		E2DEE3B121023198005725C9 /* GameDefaultRouter.swift */ = {isa = PBXFileReference; fileEncoding = 4; lastKnownFileType = sourcecode.swift; path = GameDefaultRouter.swift; sourceTree = "<group>"; };
		E2DEE3B221023198005725C9 /* GameDefaultPresenter.swift */ = {isa = PBXFileReference; fileEncoding = 4; lastKnownFileType = sourcecode.swift; path = GameDefaultPresenter.swift; sourceTree = "<group>"; };
		E2DEE3B321023198005725C9 /* GameDefaultBuilder.swift */ = {isa = PBXFileReference; fileEncoding = 4; lastKnownFileType = sourcecode.swift; path = GameDefaultBuilder.swift; sourceTree = "<group>"; };
		E2DEE3B521023198005725C9 /* GamePresenter.swift */ = {isa = PBXFileReference; fileEncoding = 4; lastKnownFileType = sourcecode.swift; path = GamePresenter.swift; sourceTree = "<group>"; };
		E2DEE3B621023198005725C9 /* GameViewController.swift */ = {isa = PBXFileReference; fileEncoding = 4; lastKnownFileType = sourcecode.swift; path = GameViewController.swift; sourceTree = "<group>"; };
		E2DEE3B721023198005725C9 /* GameInteractor.swift */ = {isa = PBXFileReference; fileEncoding = 4; lastKnownFileType = sourcecode.swift; path = GameInteractor.swift; sourceTree = "<group>"; };
		E2DEE3B821023198005725C9 /* GameRouter.swift */ = {isa = PBXFileReference; fileEncoding = 4; lastKnownFileType = sourcecode.swift; path = GameRouter.swift; sourceTree = "<group>"; };
		E2DEE3C421026913005725C9 /* UICollectionViewCell+ReuseIdentifier.swift */ = {isa = PBXFileReference; fileEncoding = 4; lastKnownFileType = sourcecode.swift; path = "UICollectionViewCell+ReuseIdentifier.swift"; sourceTree = "<group>"; };
		E2DEE3C6210269A0005725C9 /* GameCollectionViewCell.swift */ = {isa = PBXFileReference; lastKnownFileType = sourcecode.swift; path = GameCollectionViewCell.swift; sourceTree = "<group>"; };
/* End PBXFileReference section */

/* Begin PBXFrameworksBuildPhase section */
		E2DEE32A21022406005725C9 /* Frameworks */ = {
			isa = PBXFrameworksBuildPhase;
			buildActionMask = 2147483647;
			files = (
			);
			runOnlyForDeploymentPostprocessing = 0;
		};
		E2DEE33E21022406005725C9 /* Frameworks */ = {
			isa = PBXFrameworksBuildPhase;
			buildActionMask = 2147483647;
			files = (
			);
			runOnlyForDeploymentPostprocessing = 0;
		};
		E2DEE34921022406005725C9 /* Frameworks */ = {
			isa = PBXFrameworksBuildPhase;
			buildActionMask = 2147483647;
			files = (
			);
			runOnlyForDeploymentPostprocessing = 0;
		};
/* End PBXFrameworksBuildPhase section */

/* Begin PBXGroup section */
		E2DEE32421022406005725C9 = {
			isa = PBXGroup;
			children = (
				E2DEE32F21022406005725C9 /* TicTacToe */,
				E2DEE34421022406005725C9 /* TicTacToeTests */,
				E2DEE34F21022406005725C9 /* TicTacToeUITests */,
				E2DEE32E21022406005725C9 /* Products */,
			);
			sourceTree = "<group>";
		};
		E2DEE32E21022406005725C9 /* Products */ = {
			isa = PBXGroup;
			children = (
				E2DEE32D21022406005725C9 /* TicTacToe.app */,
				E2DEE34121022406005725C9 /* TicTacToeTests.xctest */,
				E2DEE34C21022406005725C9 /* TicTacToeUITests.xctest */,
			);
			name = Products;
			sourceTree = "<group>";
		};
		E2DEE32F21022406005725C9 /* TicTacToe */ = {
			isa = PBXGroup;
			children = (
				E2DEE35E210224EB005725C9 /* Main */,
				E2DEE33021022406005725C9 /* AppDelegate.swift */,
				E2DEE33721022406005725C9 /* Assets.xcassets */,
				E2DEE33921022406005725C9 /* LaunchScreen.storyboard */,
				E2DEE33C21022406005725C9 /* Info.plist */,
			);
			path = TicTacToe;
			sourceTree = "<group>";
		};
		E2DEE34421022406005725C9 /* TicTacToeTests */ = {
			isa = PBXGroup;
			children = (
				E2DEE34521022406005725C9 /* TicTacToeTests.swift */,
				E2DEE34721022406005725C9 /* Info.plist */,
			);
			path = TicTacToeTests;
			sourceTree = "<group>";
		};
		E2DEE34F21022406005725C9 /* TicTacToeUITests */ = {
			isa = PBXGroup;
			children = (
				E2DEE35021022406005725C9 /* TicTacToeUITests.swift */,
				E2DEE35221022406005725C9 /* Info.plist */,
			);
			path = TicTacToeUITests;
			sourceTree = "<group>";
		};
		E2DEE35E210224EB005725C9 /* Main */ = {
			isa = PBXGroup;
			children = (
				E2DEE3C321026913005725C9 /* Extensions */,
				E2DEE3802102281F005725C9 /* Entity */,
				E2DEE35F210224EB005725C9 /* Common */,
				E2DEE360210224EB005725C9 /* Modules */,
				E2DEE36F210224EB005725C9 /* Base */,
			);
			path = Main;
			sourceTree = "<group>";
		};
		E2DEE35F210224EB005725C9 /* Common */ = {
			isa = PBXGroup;
			children = (
				E2DEE392210230BD005725C9 /* Coordination.storyboard */,
				E2DEE38A21022F9C005725C9 /* CoordinationNavigationViewController.swift */,
				E2DEE38E21023037005725C9 /* ViewControllerFactory.swift */,
			);
			path = Common;
			sourceTree = "<group>";
		};
		E2DEE360210224EB005725C9 /* Modules */ = {
			isa = PBXGroup;
			children = (
				E2DEE3AA21023198005725C9 /* Game */,
				E2DEE362210224EB005725C9 /* Selection */,
			);
			path = Modules;
			sourceTree = "<group>";
		};
		E2DEE362210224EB005725C9 /* Selection */ = {
			isa = PBXGroup;
			children = (
				E2DEE38921022F4C005725C9 /* UI */,
				E2DEE363210224EB005725C9 /* Implementations */,
				E2DEE36A210224EB005725C9 /* Interfaces */,
			);
			path = Selection;
			sourceTree = "<group>";
		};
		E2DEE363210224EB005725C9 /* Implementations */ = {
			isa = PBXGroup;
			children = (
				E2DEE364210224EB005725C9 /* Default */,
			);
			path = Implementations;
			sourceTree = "<group>";
		};
		E2DEE364210224EB005725C9 /* Default */ = {
			isa = PBXGroup;
			children = (
				E2DEE365210224EB005725C9 /* SelectionDefaultPresenter.swift */,
				E2DEE366210224EB005725C9 /* SelectionDefaultRouter.swift */,
				E2DEE367210224EB005725C9 /* SelectionDefaultBuilder.swift */,
				E2DEE368210224EB005725C9 /* SelectionDefaultViewController.swift */,
				E2DEE369210224EB005725C9 /* SelectionDefaultInteractor.swift */,
			);
			path = Default;
			sourceTree = "<group>";
		};
		E2DEE36A210224EB005725C9 /* Interfaces */ = {
			isa = PBXGroup;
			children = (
				E2DEE36B210224EB005725C9 /* SelectionInteractor.swift */,
				E2DEE36C210224EB005725C9 /* SelectionViewController.swift */,
				E2DEE36D210224EB005725C9 /* SelectionRouter.swift */,
				E2DEE36E210224EB005725C9 /* SelectionPresenter.swift */,
			);
			path = Interfaces;
			sourceTree = "<group>";
		};
		E2DEE36F210224EB005725C9 /* Base */ = {
			isa = PBXGroup;
			children = (
				E2DEE38721022856005725C9 /* BaseViewController.swift */,
				E2DEE38C21022FBE005725C9 /* BaseNavigationController.swift */,
			);
			path = Base;
			sourceTree = "<group>";
		};
		E2DEE3802102281F005725C9 /* Entity */ = {
			isa = PBXGroup;
			children = (
				E2DEE3812102281F005725C9 /* Board.swift */,
				E2DEE3822102281F005725C9 /* Game.swift */,
				E2DEE3832102281F005725C9 /* Player.swift */,
			);
			path = Entity;
			sourceTree = "<group>";
		};
		E2DEE38921022F4C005725C9 /* UI */ = {
			isa = PBXGroup;
			children = (
				E2DEE390210230A9005725C9 /* Selection.storyboard */,
			);
			path = UI;
			sourceTree = "<group>";
		};
		E2DEE3AA21023198005725C9 /* Game */ = {
			isa = PBXGroup;
			children = (
				E2DEE3AB21023198005725C9 /* UI */,
				E2DEE3AD21023198005725C9 /* Implementations */,
				E2DEE3B421023198005725C9 /* Interfaces */,
			);
			path = Game;
			sourceTree = "<group>";
		};
		E2DEE3AB21023198005725C9 /* UI */ = {
			isa = PBXGroup;
			children = (
				E2DEE3AC21023198005725C9 /* Game.storyboard */,
				E2DEE3C6210269A0005725C9 /* GameCollectionViewCell.swift */,
			);
			path = UI;
			sourceTree = "<group>";
		};
		E2DEE3AD21023198005725C9 /* Implementations */ = {
			isa = PBXGroup;
			children = (
				E2DEE3AE21023198005725C9 /* Default */,
			);
			path = Implementations;
			sourceTree = "<group>";
		};
		E2DEE3AE21023198005725C9 /* Default */ = {
			isa = PBXGroup;
			children = (
				E2DEE3AF21023198005725C9 /* GameDefaultViewController.swift */,
				E2DEE3B021023198005725C9 /* GameDefaultInteractor.swift */,
				E2DEE3B121023198005725C9 /* GameDefaultRouter.swift */,
				E2DEE3B221023198005725C9 /* GameDefaultPresenter.swift */,
				E2DEE3B321023198005725C9 /* GameDefaultBuilder.swift */,
			);
			path = Default;
			sourceTree = "<group>";
		};
		E2DEE3B421023198005725C9 /* Interfaces */ = {
			isa = PBXGroup;
			children = (
				E2DEE3B521023198005725C9 /* GamePresenter.swift */,
				E2DEE3B621023198005725C9 /* GameViewController.swift */,
				E2DEE3B721023198005725C9 /* GameInteractor.swift */,
				E2DEE3B821023198005725C9 /* GameRouter.swift */,
			);
			path = Interfaces;
			sourceTree = "<group>";
		};
		E2DEE3C321026913005725C9 /* Extensions */ = {
			isa = PBXGroup;
			children = (
				E2DEE3C421026913005725C9 /* UICollectionViewCell+ReuseIdentifier.swift */,
			);
			path = Extensions;
			sourceTree = "<group>";
		};
/* End PBXGroup section */

/* Begin PBXNativeTarget section */
		E2DEE32C21022406005725C9 /* TicTacToe */ = {
			isa = PBXNativeTarget;
			buildConfigurationList = E2DEE35521022406005725C9 /* Build configuration list for PBXNativeTarget "TicTacToe" */;
			buildPhases = (
				E2DEE32921022406005725C9 /* Sources */,
				E2DEE32A21022406005725C9 /* Frameworks */,
				E2DEE32B21022406005725C9 /* Resources */,
			);
			buildRules = (
			);
			dependencies = (
			);
			name = TicTacToe;
			productName = TicTacToe;
			productReference = E2DEE32D21022406005725C9 /* TicTacToe.app */;
			productType = "com.apple.product-type.application";
		};
		E2DEE34021022406005725C9 /* TicTacToeTests */ = {
			isa = PBXNativeTarget;
			buildConfigurationList = E2DEE35821022406005725C9 /* Build configuration list for PBXNativeTarget "TicTacToeTests" */;
			buildPhases = (
				E2DEE33D21022406005725C9 /* Sources */,
				E2DEE33E21022406005725C9 /* Frameworks */,
				E2DEE33F21022406005725C9 /* Resources */,
			);
			buildRules = (
			);
			dependencies = (
				E2DEE34321022406005725C9 /* PBXTargetDependency */,
			);
			name = TicTacToeTests;
			productName = TicTacToeTests;
			productReference = E2DEE34121022406005725C9 /* TicTacToeTests.xctest */;
			productType = "com.apple.product-type.bundle.unit-test";
		};
		E2DEE34B21022406005725C9 /* TicTacToeUITests */ = {
			isa = PBXNativeTarget;
			buildConfigurationList = E2DEE35B21022406005725C9 /* Build configuration list for PBXNativeTarget "TicTacToeUITests" */;
			buildPhases = (
				E2DEE34821022406005725C9 /* Sources */,
				E2DEE34921022406005725C9 /* Frameworks */,
				E2DEE34A21022406005725C9 /* Resources */,
			);
			buildRules = (
			);
			dependencies = (
				E2DEE34E21022406005725C9 /* PBXTargetDependency */,
			);
			name = TicTacToeUITests;
			productName = TicTacToeUITests;
			productReference = E2DEE34C21022406005725C9 /* TicTacToeUITests.xctest */;
			productType = "com.apple.product-type.bundle.ui-testing";
		};
/* End PBXNativeTarget section */

/* Begin PBXProject section */
		E2DEE32521022406005725C9 /* Project object */ = {
			isa = PBXProject;
			attributes = {
				LastSwiftUpdateCheck = 0900;
				LastUpgradeCheck = 0900;
				ORGANIZATIONNAME = "Dmytro Piankov";
				TargetAttributes = {
					E2DEE32C21022406005725C9 = {
						CreatedOnToolsVersion = 9.0;
						ProvisioningStyle = Automatic;
					};
					E2DEE34021022406005725C9 = {
						CreatedOnToolsVersion = 9.0;
						ProvisioningStyle = Automatic;
						TestTargetID = E2DEE32C21022406005725C9;
					};
					E2DEE34B21022406005725C9 = {
						CreatedOnToolsVersion = 9.0;
						ProvisioningStyle = Automatic;
						TestTargetID = E2DEE32C21022406005725C9;
					};
				};
			};
			buildConfigurationList = E2DEE32821022406005725C9 /* Build configuration list for PBXProject "TicTacToe" */;
			compatibilityVersion = "Xcode 8.0";
			developmentRegion = en;
			hasScannedForEncodings = 0;
			knownRegions = (
				en,
				Base,
			);
			mainGroup = E2DEE32421022406005725C9;
			productRefGroup = E2DEE32E21022406005725C9 /* Products */;
			projectDirPath = "";
			projectRoot = "";
			targets = (
				E2DEE32C21022406005725C9 /* TicTacToe */,
				E2DEE34021022406005725C9 /* TicTacToeTests */,
				E2DEE34B21022406005725C9 /* TicTacToeUITests */,
			);
		};
/* End PBXProject section */

/* Begin PBXResourcesBuildPhase section */
		E2DEE32B21022406005725C9 /* Resources */ = {
			isa = PBXResourcesBuildPhase;
			buildActionMask = 2147483647;
			files = (
				E2DEE33B21022406005725C9 /* LaunchScreen.storyboard in Resources */,
				E2DEE391210230A9005725C9 /* Selection.storyboard in Resources */,
				E2DEE33821022406005725C9 /* Assets.xcassets in Resources */,
				E2DEE3B921023198005725C9 /* Game.storyboard in Resources */,
				E2DEE393210230BD005725C9 /* Coordination.storyboard in Resources */,
			);
			runOnlyForDeploymentPostprocessing = 0;
		};
		E2DEE33F21022406005725C9 /* Resources */ = {
			isa = PBXResourcesBuildPhase;
			buildActionMask = 2147483647;
			files = (
			);
			runOnlyForDeploymentPostprocessing = 0;
		};
		E2DEE34A21022406005725C9 /* Resources */ = {
			isa = PBXResourcesBuildPhase;
			buildActionMask = 2147483647;
			files = (
			);
			runOnlyForDeploymentPostprocessing = 0;
		};
/* End PBXResourcesBuildPhase section */

/* Begin PBXSourcesBuildPhase section */
		E2DEE32921022406005725C9 /* Sources */ = {
			isa = PBXSourcesBuildPhase;
			buildActionMask = 2147483647;
			files = (
				E2DEE373210224EB005725C9 /* SelectionDefaultBuilder.swift in Sources */,
				E2DEE379210224EB005725C9 /* SelectionPresenter.swift in Sources */,
				E2DEE3BB21023198005725C9 /* GameDefaultInteractor.swift in Sources */,
				E2DEE3842102281F005725C9 /* Board.swift in Sources */,
				E2DEE3C021023198005725C9 /* GameViewController.swift in Sources */,
				E2DEE3852102281F005725C9 /* Game.swift in Sources */,
				E2DEE3C121023198005725C9 /* GameInteractor.swift in Sources */,
				E2DEE3862102281F005725C9 /* Player.swift in Sources */,
				E2DEE3C521026913005725C9 /* UICollectionViewCell+ReuseIdentifier.swift in Sources */,
				E2DEE3BF21023198005725C9 /* GamePresenter.swift in Sources */,
				E2DEE38821022856005725C9 /* BaseViewController.swift in Sources */,
				E2DEE3BE21023198005725C9 /* GameDefaultBuilder.swift in Sources */,
				E2DEE374210224EB005725C9 /* SelectionDefaultViewController.swift in Sources */,
				E2DEE38F21023037005725C9 /* ViewControllerFactory.swift in Sources */,
				E2DEE375210224EB005725C9 /* SelectionDefaultInteractor.swift in Sources */,
				E2DEE378210224EB005725C9 /* SelectionRouter.swift in Sources */,
				E2DEE3BA21023198005725C9 /* GameDefaultViewController.swift in Sources */,
				E2DEE376210224EB005725C9 /* SelectionInteractor.swift in Sources */,
				E2DEE377210224EB005725C9 /* SelectionViewController.swift in Sources */,
				E2DEE3C221023198005725C9 /* GameRouter.swift in Sources */,
				E2DEE3BC21023198005725C9 /* GameDefaultRouter.swift in Sources */,
				E2DEE371210224EB005725C9 /* SelectionDefaultPresenter.swift in Sources */,
				E2DEE38B21022F9C005725C9 /* CoordinationNavigationViewController.swift in Sources */,
				E2DEE38D21022FBE005725C9 /* BaseNavigationController.swift in Sources */,
				E2DEE3C7210269A0005725C9 /* GameCollectionViewCell.swift in Sources */,
				E2DEE33121022406005725C9 /* AppDelegate.swift in Sources */,
				E2DEE3BD21023198005725C9 /* GameDefaultPresenter.swift in Sources */,
				E2DEE372210224EB005725C9 /* SelectionDefaultRouter.swift in Sources */,
			);
			runOnlyForDeploymentPostprocessing = 0;
		};
		E2DEE33D21022406005725C9 /* Sources */ = {
			isa = PBXSourcesBuildPhase;
			buildActionMask = 2147483647;
			files = (
				E2DEE34621022406005725C9 /* TicTacToeTests.swift in Sources */,
			);
			runOnlyForDeploymentPostprocessing = 0;
		};
		E2DEE34821022406005725C9 /* Sources */ = {
			isa = PBXSourcesBuildPhase;
			buildActionMask = 2147483647;
			files = (
				E2DEE35121022406005725C9 /* TicTacToeUITests.swift in Sources */,
			);
			runOnlyForDeploymentPostprocessing = 0;
		};
/* End PBXSourcesBuildPhase section */

/* Begin PBXTargetDependency section */
		E2DEE34321022406005725C9 /* PBXTargetDependency */ = {
			isa = PBXTargetDependency;
			target = E2DEE32C21022406005725C9 /* TicTacToe */;
			targetProxy = E2DEE34221022406005725C9 /* PBXContainerItemProxy */;
		};
		E2DEE34E21022406005725C9 /* PBXTargetDependency */ = {
			isa = PBXTargetDependency;
			target = E2DEE32C21022406005725C9 /* TicTacToe */;
			targetProxy = E2DEE34D21022406005725C9 /* PBXContainerItemProxy */;
		};
/* End PBXTargetDependency section */

/* Begin PBXVariantGroup section */
		E2DEE33921022406005725C9 /* LaunchScreen.storyboard */ = {
			isa = PBXVariantGroup;
			children = (
				E2DEE33A21022406005725C9 /* Base */,
			);
			name = LaunchScreen.storyboard;
			sourceTree = "<group>";
		};
/* End PBXVariantGroup section */

/* Begin XCBuildConfiguration section */
		E2DEE35321022406005725C9 /* Debug */ = {
			isa = XCBuildConfiguration;
			buildSettings = {
				ALWAYS_SEARCH_USER_PATHS = NO;
				CLANG_ANALYZER_NONNULL = YES;
				CLANG_ANALYZER_NUMBER_OBJECT_CONVERSION = YES_AGGRESSIVE;
				CLANG_CXX_LANGUAGE_STANDARD = "gnu++14";
				CLANG_CXX_LIBRARY = "libc++";
				CLANG_ENABLE_MODULES = YES;
				CLANG_ENABLE_OBJC_ARC = YES;
				CLANG_WARN_BLOCK_CAPTURE_AUTORELEASING = YES;
				CLANG_WARN_BOOL_CONVERSION = YES;
				CLANG_WARN_COMMA = YES;
				CLANG_WARN_CONSTANT_CONVERSION = YES;
				CLANG_WARN_DIRECT_OBJC_ISA_USAGE = YES_ERROR;
				CLANG_WARN_DOCUMENTATION_COMMENTS = YES;
				CLANG_WARN_EMPTY_BODY = YES;
				CLANG_WARN_ENUM_CONVERSION = YES;
				CLANG_WARN_INFINITE_RECURSION = YES;
				CLANG_WARN_INT_CONVERSION = YES;
				CLANG_WARN_NON_LITERAL_NULL_CONVERSION = YES;
				CLANG_WARN_OBJC_LITERAL_CONVERSION = YES;
				CLANG_WARN_OBJC_ROOT_CLASS = YES_ERROR;
				CLANG_WARN_RANGE_LOOP_ANALYSIS = YES;
				CLANG_WARN_STRICT_PROTOTYPES = YES;
				CLANG_WARN_SUSPICIOUS_MOVE = YES;
				CLANG_WARN_UNGUARDED_AVAILABILITY = YES_AGGRESSIVE;
				CLANG_WARN_UNREACHABLE_CODE = YES;
				CLANG_WARN__DUPLICATE_METHOD_MATCH = YES;
				CODE_SIGN_IDENTITY = "iPhone Developer";
				COPY_PHASE_STRIP = NO;
				DEBUG_INFORMATION_FORMAT = dwarf;
				ENABLE_STRICT_OBJC_MSGSEND = YES;
				ENABLE_TESTABILITY = YES;
				GCC_C_LANGUAGE_STANDARD = gnu11;
				GCC_DYNAMIC_NO_PIC = NO;
				GCC_NO_COMMON_BLOCKS = YES;
				GCC_OPTIMIZATION_LEVEL = 0;
				GCC_PREPROCESSOR_DEFINITIONS = (
					"DEBUG=1",
					"$(inherited)",
				);
				GCC_WARN_64_TO_32_BIT_CONVERSION = YES;
				GCC_WARN_ABOUT_RETURN_TYPE = YES_ERROR;
				GCC_WARN_UNDECLARED_SELECTOR = YES;
				GCC_WARN_UNINITIALIZED_AUTOS = YES_AGGRESSIVE;
				GCC_WARN_UNUSED_FUNCTION = YES;
				GCC_WARN_UNUSED_VARIABLE = YES;
				IPHONEOS_DEPLOYMENT_TARGET = 11.0;
				MTL_ENABLE_DEBUG_INFO = YES;
				ONLY_ACTIVE_ARCH = YES;
				SDKROOT = iphoneos;
				SWIFT_ACTIVE_COMPILATION_CONDITIONS = DEBUG;
				SWIFT_OPTIMIZATION_LEVEL = "-Onone";
			};
			name = Debug;
		};
		E2DEE35421022406005725C9 /* Release */ = {
			isa = XCBuildConfiguration;
			buildSettings = {
				ALWAYS_SEARCH_USER_PATHS = NO;
				CLANG_ANALYZER_NONNULL = YES;
				CLANG_ANALYZER_NUMBER_OBJECT_CONVERSION = YES_AGGRESSIVE;
				CLANG_CXX_LANGUAGE_STANDARD = "gnu++14";
				CLANG_CXX_LIBRARY = "libc++";
				CLANG_ENABLE_MODULES = YES;
				CLANG_ENABLE_OBJC_ARC = YES;
				CLANG_WARN_BLOCK_CAPTURE_AUTORELEASING = YES;
				CLANG_WARN_BOOL_CONVERSION = YES;
				CLANG_WARN_COMMA = YES;
				CLANG_WARN_CONSTANT_CONVERSION = YES;
				CLANG_WARN_DIRECT_OBJC_ISA_USAGE = YES_ERROR;
				CLANG_WARN_DOCUMENTATION_COMMENTS = YES;
				CLANG_WARN_EMPTY_BODY = YES;
				CLANG_WARN_ENUM_CONVERSION = YES;
				CLANG_WARN_INFINITE_RECURSION = YES;
				CLANG_WARN_INT_CONVERSION = YES;
				CLANG_WARN_NON_LITERAL_NULL_CONVERSION = YES;
				CLANG_WARN_OBJC_LITERAL_CONVERSION = YES;
				CLANG_WARN_OBJC_ROOT_CLASS = YES_ERROR;
				CLANG_WARN_RANGE_LOOP_ANALYSIS = YES;
				CLANG_WARN_STRICT_PROTOTYPES = YES;
				CLANG_WARN_SUSPICIOUS_MOVE = YES;
				CLANG_WARN_UNGUARDED_AVAILABILITY = YES_AGGRESSIVE;
				CLANG_WARN_UNREACHABLE_CODE = YES;
				CLANG_WARN__DUPLICATE_METHOD_MATCH = YES;
				CODE_SIGN_IDENTITY = "iPhone Developer";
				COPY_PHASE_STRIP = NO;
				DEBUG_INFORMATION_FORMAT = "dwarf-with-dsym";
				ENABLE_NS_ASSERTIONS = NO;
				ENABLE_STRICT_OBJC_MSGSEND = YES;
				GCC_C_LANGUAGE_STANDARD = gnu11;
				GCC_NO_COMMON_BLOCKS = YES;
				GCC_WARN_64_TO_32_BIT_CONVERSION = YES;
				GCC_WARN_ABOUT_RETURN_TYPE = YES_ERROR;
				GCC_WARN_UNDECLARED_SELECTOR = YES;
				GCC_WARN_UNINITIALIZED_AUTOS = YES_AGGRESSIVE;
				GCC_WARN_UNUSED_FUNCTION = YES;
				GCC_WARN_UNUSED_VARIABLE = YES;
				IPHONEOS_DEPLOYMENT_TARGET = 11.0;
				MTL_ENABLE_DEBUG_INFO = NO;
				SDKROOT = iphoneos;
				SWIFT_OPTIMIZATION_LEVEL = "-Owholemodule";
				VALIDATE_PRODUCT = YES;
			};
			name = Release;
		};
		E2DEE35621022406005725C9 /* Debug */ = {
			isa = XCBuildConfiguration;
			buildSettings = {
				ASSETCATALOG_COMPILER_APPICON_NAME = AppIcon;
				CODE_SIGN_STYLE = Automatic;
				DEVELOPMENT_TEAM = W72RRSEZ63;
				INFOPLIST_FILE = TicTacToe/Info.plist;
				LD_RUNPATH_SEARCH_PATHS = "$(inherited) @executable_path/Frameworks";
				PRODUCT_BUNDLE_IDENTIFIER = com.dp.TicTacToe;
				PRODUCT_NAME = "$(TARGET_NAME)";
				SWIFT_VERSION = 4.0;
				TARGETED_DEVICE_FAMILY = "1,2";
			};
			name = Debug;
		};
		E2DEE35721022406005725C9 /* Release */ = {
			isa = XCBuildConfiguration;
			buildSettings = {
				ASSETCATALOG_COMPILER_APPICON_NAME = AppIcon;
				CODE_SIGN_STYLE = Automatic;
				DEVELOPMENT_TEAM = W72RRSEZ63;
				INFOPLIST_FILE = TicTacToe/Info.plist;
				LD_RUNPATH_SEARCH_PATHS = "$(inherited) @executable_path/Frameworks";
				PRODUCT_BUNDLE_IDENTIFIER = com.dp.TicTacToe;
				PRODUCT_NAME = "$(TARGET_NAME)";
				SWIFT_VERSION = 4.0;
				TARGETED_DEVICE_FAMILY = "1,2";
			};
			name = Release;
		};
		E2DEE35921022406005725C9 /* Debug */ = {
			isa = XCBuildConfiguration;
			buildSettings = {
				ALWAYS_EMBED_SWIFT_STANDARD_LIBRARIES = YES;
				BUNDLE_LOADER = "$(TEST_HOST)";
				CODE_SIGN_STYLE = Automatic;
				DEVELOPMENT_TEAM = W72RRSEZ63;
				INFOPLIST_FILE = TicTacToeTests/Info.plist;
				LD_RUNPATH_SEARCH_PATHS = "$(inherited) @executable_path/Frameworks @loader_path/Frameworks";
				PRODUCT_BUNDLE_IDENTIFIER = com.dp.TicTacToeTests;
				PRODUCT_NAME = "$(TARGET_NAME)";
				SWIFT_VERSION = 4.0;
				TARGETED_DEVICE_FAMILY = "1,2";
				TEST_HOST = "$(BUILT_PRODUCTS_DIR)/TicTacToe.app/TicTacToe";
			};
			name = Debug;
		};
		E2DEE35A21022406005725C9 /* Release */ = {
			isa = XCBuildConfiguration;
			buildSettings = {
				ALWAYS_EMBED_SWIFT_STANDARD_LIBRARIES = YES;
				BUNDLE_LOADER = "$(TEST_HOST)";
				CODE_SIGN_STYLE = Automatic;
				DEVELOPMENT_TEAM = W72RRSEZ63;
				INFOPLIST_FILE = TicTacToeTests/Info.plist;
				LD_RUNPATH_SEARCH_PATHS = "$(inherited) @executable_path/Frameworks @loader_path/Frameworks";
				PRODUCT_BUNDLE_IDENTIFIER = com.dp.TicTacToeTests;
				PRODUCT_NAME = "$(TARGET_NAME)";
				SWIFT_VERSION = 4.0;
				TARGETED_DEVICE_FAMILY = "1,2";
				TEST_HOST = "$(BUILT_PRODUCTS_DIR)/TicTacToe.app/TicTacToe";
			};
			name = Release;
		};
		E2DEE35C21022406005725C9 /* Debug */ = {
			isa = XCBuildConfiguration;
			buildSettings = {
				ALWAYS_EMBED_SWIFT_STANDARD_LIBRARIES = YES;
				CODE_SIGN_STYLE = Automatic;
				DEVELOPMENT_TEAM = W72RRSEZ63;
				INFOPLIST_FILE = TicTacToeUITests/Info.plist;
				LD_RUNPATH_SEARCH_PATHS = "$(inherited) @executable_path/Frameworks @loader_path/Frameworks";
				PRODUCT_BUNDLE_IDENTIFIER = com.dp.TicTacToeUITests;
				PRODUCT_NAME = "$(TARGET_NAME)";
				SWIFT_VERSION = 4.0;
				TARGETED_DEVICE_FAMILY = "1,2";
				TEST_TARGET_NAME = TicTacToe;
			};
			name = Debug;
		};
		E2DEE35D21022406005725C9 /* Release */ = {
			isa = XCBuildConfiguration;
			buildSettings = {
				ALWAYS_EMBED_SWIFT_STANDARD_LIBRARIES = YES;
				CODE_SIGN_STYLE = Automatic;
				DEVELOPMENT_TEAM = W72RRSEZ63;
				INFOPLIST_FILE = TicTacToeUITests/Info.plist;
				LD_RUNPATH_SEARCH_PATHS = "$(inherited) @executable_path/Frameworks @loader_path/Frameworks";
				PRODUCT_BUNDLE_IDENTIFIER = com.dp.TicTacToeUITests;
				PRODUCT_NAME = "$(TARGET_NAME)";
				SWIFT_VERSION = 4.0;
				TARGETED_DEVICE_FAMILY = "1,2";
				TEST_TARGET_NAME = TicTacToe;
			};
			name = Release;
		};
/* End XCBuildConfiguration section */

/* Begin XCConfigurationList section */
		E2DEE32821022406005725C9 /* Build configuration list for PBXProject "TicTacToe" */ = {
			isa = XCConfigurationList;
			buildConfigurations = (
				E2DEE35321022406005725C9 /* Debug */,
				E2DEE35421022406005725C9 /* Release */,
			);
			defaultConfigurationIsVisible = 0;
			defaultConfigurationName = Release;
		};
		E2DEE35521022406005725C9 /* Build configuration list for PBXNativeTarget "TicTacToe" */ = {
			isa = XCConfigurationList;
			buildConfigurations = (
				E2DEE35621022406005725C9 /* Debug */,
				E2DEE35721022406005725C9 /* Release */,
			);
			defaultConfigurationIsVisible = 0;
			defaultConfigurationName = Release;
		};
		E2DEE35821022406005725C9 /* Build configuration list for PBXNativeTarget "TicTacToeTests" */ = {
			isa = XCConfigurationList;
			buildConfigurations = (
				E2DEE35921022406005725C9 /* Debug */,
				E2DEE35A21022406005725C9 /* Release */,
			);
			defaultConfigurationIsVisible = 0;
			defaultConfigurationName = Release;
		};
		E2DEE35B21022406005725C9 /* Build configuration list for PBXNativeTarget "TicTacToeUITests" */ = {
			isa = XCConfigurationList;
			buildConfigurations = (
				E2DEE35C21022406005725C9 /* Debug */,
				E2DEE35D21022406005725C9 /* Release */,
			);
			defaultConfigurationIsVisible = 0;
			defaultConfigurationName = Release;
		};
/* End XCConfigurationList section */
	};
	rootObject = E2DEE32521022406005725C9 /* Project object */;
}
